PODS:
  - Alamofire (5.2.2)
  - ARCL (1.3.0)

DEPENDENCIES:
  - Alamofire (~> 5.2)
  - ARCL

SPEC REPOS:
  trunk:
    - Alamofire
    - ARCL

SPEC CHECKSUMS:
  Alamofire: 814429acc853c6c54ff123fc3d2ef66803823ce0
  ARCL: db48b6927d6f3f49f29568295ed91c94ab8d4aab

PODFILE CHECKSUM: 49aa2cb34488ab698919dabb46ab1d47a45ff383

COCOAPODS: 1.8.4
