// !$*UTF8*$!
{
	archiveVersion = 1;
	classes = {
	};
	objectVersion = 51;
	objects = {

/* Begin PBXBuildFile section */
		08888320B59E144CE8AB2596 /* Pods_FileBoxTests.framework in Frameworks */ = {isa = PBXBuildFile; fileRef = D56110C2D06369C7ECE18983 /* Pods_FileBoxTests.framework */; };
		12F732268CD49FF0DE7651F3 /* Pods_FileBox_FileBoxUITests.framework in Frameworks */ = {isa = PBXBuildFile; fileRef = 3C45F1EF3ED8A15FE9F33F70 /* Pods_FileBox_FileBoxUITests.framework */; };
		5EF3BBA7DF9051F6C9BC310F /* Pods_FileBox.framework in Frameworks */ = {isa = PBXBuildFile; fileRef = 963F969359792BE27AC6A9B7 /* Pods_FileBox.framework */; };
		743FCF0824BE168B00705E13 /* AppDelegate.swift in Sources */ = {isa = PBXBuildFile; fileRef = 743FCF0724BE168B00705E13 /* AppDelegate.swift */; };
		743FCF0A24BE168B00705E13 /* art.scnassets in Resources */ = {isa = PBXBuildFile; fileRef = 743FCF0924BE168B00705E13 /* art.scnassets */; };
		743FCF0C24BE168B00705E13 /* ARViewController.swift in Sources */ = {isa = PBXBuildFile; fileRef = 743FCF0B24BE168B00705E13 /* ARViewController.swift */; };
		743FCF0F24BE168B00705E13 /* Main.storyboard in Resources */ = {isa = PBXBuildFile; fileRef = 743FCF0D24BE168B00705E13 /* Main.storyboard */; };
		743FCF1124BE168C00705E13 /* Assets.xcassets in Resources */ = {isa = PBXBuildFile; fileRef = 743FCF1024BE168C00705E13 /* Assets.xcassets */; };
		743FCF1424BE168C00705E13 /* LaunchScreen.storyboard in Resources */ = {isa = PBXBuildFile; fileRef = 743FCF1224BE168C00705E13 /* LaunchScreen.storyboard */; };
		743FCF1F24BE168C00705E13 /* FileBoxTests.swift in Sources */ = {isa = PBXBuildFile; fileRef = 743FCF1E24BE168C00705E13 /* FileBoxTests.swift */; };
		743FCF2A24BE168C00705E13 /* FileBoxUITests.swift in Sources */ = {isa = PBXBuildFile; fileRef = 743FCF2924BE168C00705E13 /* FileBoxUITests.swift */; };
		746597C024D0A06400FAE7FA /* Configuration.swift in Sources */ = {isa = PBXBuildFile; fileRef = 746597BF24D0A06400FAE7FA /* Configuration.swift */; };
		746597C224D0B09C00FAE7FA /* BoxViewModel.swift in Sources */ = {isa = PBXBuildFile; fileRef = 746597C124D0B09C00FAE7FA /* BoxViewModel.swift */; };
		746B666624D2D04F0097DE3B /* BoxesListTableViewCell.swift in Sources */ = {isa = PBXBuildFile; fileRef = 746B666524D2D04F0097DE3B /* BoxesListTableViewCell.swift */; };
		746B666824D2D0930097DE3B /* BoxesListViewController.swift in Sources */ = {isa = PBXBuildFile; fileRef = 746B666724D2D0930097DE3B /* BoxesListViewController.swift */; };
		746C8F1E24D1915700482DBF /* BoxCreateRequest.swift in Sources */ = {isa = PBXBuildFile; fileRef = 746C8F1D24D1915700482DBF /* BoxCreateRequest.swift */; };
		746C8F2024D1B01800482DBF /* BoxDetailsViewModel.swift in Sources */ = {isa = PBXBuildFile; fileRef = 746C8F1F24D1B01800482DBF /* BoxDetailsViewModel.swift */; };
		746C8F2224D204C900482DBF /* BoxDetailsPrefCellView.swift in Sources */ = {isa = PBXBuildFile; fileRef = 746C8F2124D204C900482DBF /* BoxDetailsPrefCellView.swift */; };
		7496E4FB24D028FE00DFFE28 /* BoxDeailsViewController.swift in Sources */ = {isa = PBXBuildFile; fileRef = 7496E4FA24D028FE00DFFE28 /* BoxDeailsViewController.swift */; };
		7496E50124D02BAE00DFFE28 /* Box.swift in Sources */ = {isa = PBXBuildFile; fileRef = 7496E50024D02BAE00DFFE28 /* Box.swift */; };
		7496E50324D02C4F00DFFE28 /* BoxService.swift in Sources */ = {isa = PBXBuildFile; fileRef = 7496E50224D02C4F00DFFE28 /* BoxService.swift */; };
		74AC2A4A24D0BC4100D1B203 /* Config.plist in Resources */ = {isa = PBXBuildFile; fileRef = 74AC2A4924D0BC4100D1B203 /* Config.plist */; };
		74AC2A5024D174BD00D1B203 /* BradBunR.ttf in Resources */ = {isa = PBXBuildFile; fileRef = 74AC2A4F24D174BD00D1B203 /* BradBunR.ttf */; };
/* End PBXBuildFile section */

/* Begin PBXContainerItemProxy section */
		743FCF1B24BE168C00705E13 /* PBXContainerItemProxy */ = {
			isa = PBXContainerItemProxy;
			containerPortal = 743FCEFC24BE168B00705E13 /* Project object */;
			proxyType = 1;
			remoteGlobalIDString = 743FCF0324BE168B00705E13;
			remoteInfo = FileBox;
		};
		743FCF2624BE168C00705E13 /* PBXContainerItemProxy */ = {
			isa = PBXContainerItemProxy;
			containerPortal = 743FCEFC24BE168B00705E13 /* Project object */;
			proxyType = 1;
			remoteGlobalIDString = 743FCF0324BE168B00705E13;
			remoteInfo = FileBox;
		};
/* End PBXContainerItemProxy section */

/* Begin PBXFileReference section */
		07F00B489F468931543EBA4B /* Pods-FileBox.debug.xcconfig */ = {isa = PBXFileReference; includeInIndex = 1; lastKnownFileType = text.xcconfig; name = "Pods-FileBox.debug.xcconfig"; path = "Target Support Files/Pods-FileBox/Pods-FileBox.debug.xcconfig"; sourceTree = "<group>"; };
		3C45F1EF3ED8A15FE9F33F70 /* Pods_FileBox_FileBoxUITests.framework */ = {isa = PBXFileReference; explicitFileType = wrapper.framework; includeInIndex = 0; path = Pods_FileBox_FileBoxUITests.framework; sourceTree = BUILT_PRODUCTS_DIR; };
		53F4A374D1CE598A4460E745 /* Pods-FileBoxTests.debug.xcconfig */ = {isa = PBXFileReference; includeInIndex = 1; lastKnownFileType = text.xcconfig; name = "Pods-FileBoxTests.debug.xcconfig"; path = "Target Support Files/Pods-FileBoxTests/Pods-FileBoxTests.debug.xcconfig"; sourceTree = "<group>"; };
		5DA46DD880895F587427BDF8 /* Pods-FileBoxTests.release.xcconfig */ = {isa = PBXFileReference; includeInIndex = 1; lastKnownFileType = text.xcconfig; name = "Pods-FileBoxTests.release.xcconfig"; path = "Target Support Files/Pods-FileBoxTests/Pods-FileBoxTests.release.xcconfig"; sourceTree = "<group>"; };
		70BB42C75605AD121EDED82D /* Pods-FileBox-FileBoxUITests.release.xcconfig */ = {isa = PBXFileReference; includeInIndex = 1; lastKnownFileType = text.xcconfig; name = "Pods-FileBox-FileBoxUITests.release.xcconfig"; path = "Target Support Files/Pods-FileBox-FileBoxUITests/Pods-FileBox-FileBoxUITests.release.xcconfig"; sourceTree = "<group>"; };
		743FCF0424BE168B00705E13 /* FileBox.app */ = {isa = PBXFileReference; explicitFileType = wrapper.application; includeInIndex = 0; path = FileBox.app; sourceTree = BUILT_PRODUCTS_DIR; };
		743FCF0724BE168B00705E13 /* AppDelegate.swift */ = {isa = PBXFileReference; lastKnownFileType = sourcecode.swift; path = AppDelegate.swift; sourceTree = "<group>"; };
		743FCF0924BE168B00705E13 /* art.scnassets */ = {isa = PBXFileReference; lastKnownFileType = wrapper.scnassets; path = art.scnassets; sourceTree = "<group>"; };
		743FCF0B24BE168B00705E13 /* ARViewController.swift */ = {isa = PBXFileReference; lastKnownFileType = sourcecode.swift; path = ARViewController.swift; sourceTree = "<group>"; };
		743FCF0E24BE168B00705E13 /* Base */ = {isa = PBXFileReference; lastKnownFileType = file.storyboard; name = Base; path = Base.lproj/Main.storyboard; sourceTree = "<group>"; };
		743FCF1024BE168C00705E13 /* Assets.xcassets */ = {isa = PBXFileReference; lastKnownFileType = folder.assetcatalog; path = Assets.xcassets; sourceTree = "<group>"; };
		743FCF1324BE168C00705E13 /* Base */ = {isa = PBXFileReference; lastKnownFileType = file.storyboard; name = Base; path = Base.lproj/LaunchScreen.storyboard; sourceTree = "<group>"; };
		743FCF1524BE168C00705E13 /* Info.plist */ = {isa = PBXFileReference; lastKnownFileType = text.plist.xml; path = Info.plist; sourceTree = "<group>"; };
		743FCF1A24BE168C00705E13 /* FileBoxTests.xctest */ = {isa = PBXFileReference; explicitFileType = wrapper.cfbundle; includeInIndex = 0; path = FileBoxTests.xctest; sourceTree = BUILT_PRODUCTS_DIR; };
		743FCF1E24BE168C00705E13 /* FileBoxTests.swift */ = {isa = PBXFileReference; lastKnownFileType = sourcecode.swift; path = FileBoxTests.swift; sourceTree = "<group>"; };
		743FCF2024BE168C00705E13 /* Info.plist */ = {isa = PBXFileReference; lastKnownFileType = text.plist.xml; path = Info.plist; sourceTree = "<group>"; };
		743FCF2524BE168C00705E13 /* FileBoxUITests.xctest */ = {isa = PBXFileReference; explicitFileType = wrapper.cfbundle; includeInIndex = 0; path = FileBoxUITests.xctest; sourceTree = BUILT_PRODUCTS_DIR; };
		743FCF2924BE168C00705E13 /* FileBoxUITests.swift */ = {isa = PBXFileReference; lastKnownFileType = sourcecode.swift; path = FileBoxUITests.swift; sourceTree = "<group>"; };
		743FCF2B24BE168C00705E13 /* Info.plist */ = {isa = PBXFileReference; lastKnownFileType = text.plist.xml; path = Info.plist; sourceTree = "<group>"; };
		746597BF24D0A06400FAE7FA /* Configuration.swift */ = {isa = PBXFileReference; lastKnownFileType = sourcecode.swift; path = Configuration.swift; sourceTree = "<group>"; };
		746597C124D0B09C00FAE7FA /* BoxViewModel.swift */ = {isa = PBXFileReference; lastKnownFileType = sourcecode.swift; path = BoxViewModel.swift; sourceTree = "<group>"; };
		746B666524D2D04F0097DE3B /* BoxesListTableViewCell.swift */ = {isa = PBXFileReference; lastKnownFileType = sourcecode.swift; path = BoxesListTableViewCell.swift; sourceTree = "<group>"; };
		746B666724D2D0930097DE3B /* BoxesListViewController.swift */ = {isa = PBXFileReference; lastKnownFileType = sourcecode.swift; path = BoxesListViewController.swift; sourceTree = "<group>"; };
		746C8F1D24D1915700482DBF /* BoxCreateRequest.swift */ = {isa = PBXFileReference; lastKnownFileType = sourcecode.swift; path = BoxCreateRequest.swift; sourceTree = "<group>"; };
		746C8F1F24D1B01800482DBF /* BoxDetailsViewModel.swift */ = {isa = PBXFileReference; lastKnownFileType = sourcecode.swift; path = BoxDetailsViewModel.swift; sourceTree = "<group>"; };
		746C8F2124D204C900482DBF /* BoxDetailsPrefCellView.swift */ = {isa = PBXFileReference; lastKnownFileType = sourcecode.swift; path = BoxDetailsPrefCellView.swift; sourceTree = "<group>"; };
		7496E4FA24D028FE00DFFE28 /* BoxDeailsViewController.swift */ = {isa = PBXFileReference; lastKnownFileType = sourcecode.swift; path = BoxDeailsViewController.swift; sourceTree = "<group>"; };
		7496E50024D02BAE00DFFE28 /* Box.swift */ = {isa = PBXFileReference; lastKnownFileType = sourcecode.swift; path = Box.swift; sourceTree = "<group>"; };
		7496E50224D02C4F00DFFE28 /* BoxService.swift */ = {isa = PBXFileReference; lastKnownFileType = sourcecode.swift; path = BoxService.swift; sourceTree = "<group>"; };
		74AC2A4924D0BC4100D1B203 /* Config.plist */ = {isa = PBXFileReference; fileEncoding = 4; lastKnownFileType = text.plist.xml; path = Config.plist; sourceTree = "<group>"; };
		74AC2A4F24D174BD00D1B203 /* BradBunR.ttf */ = {isa = PBXFileReference; lastKnownFileType = file; path = BradBunR.ttf; sourceTree = "<group>"; };
		963F969359792BE27AC6A9B7 /* Pods_FileBox.framework */ = {isa = PBXFileReference; explicitFileType = wrapper.framework; includeInIndex = 0; path = Pods_FileBox.framework; sourceTree = BUILT_PRODUCTS_DIR; };
		AA7BD70D164952B59570E761 /* Pods-FileBox.release.xcconfig */ = {isa = PBXFileReference; includeInIndex = 1; lastKnownFileType = text.xcconfig; name = "Pods-FileBox.release.xcconfig"; path = "Target Support Files/Pods-FileBox/Pods-FileBox.release.xcconfig"; sourceTree = "<group>"; };
		D56110C2D06369C7ECE18983 /* Pods_FileBoxTests.framework */ = {isa = PBXFileReference; explicitFileType = wrapper.framework; includeInIndex = 0; path = Pods_FileBoxTests.framework; sourceTree = BUILT_PRODUCTS_DIR; };
		D974694EA5BC41C688AE5E7A /* Pods-FileBox-FileBoxUITests.debug.xcconfig */ = {isa = PBXFileReference; includeInIndex = 1; lastKnownFileType = text.xcconfig; name = "Pods-FileBox-FileBoxUITests.debug.xcconfig"; path = "Target Support Files/Pods-FileBox-FileBoxUITests/Pods-FileBox-FileBoxUITests.debug.xcconfig"; sourceTree = "<group>"; };
/* End PBXFileReference section */

/* Begin PBXFrameworksBuildPhase section */
		743FCF0124BE168B00705E13 /* Frameworks */ = {
			isa = PBXFrameworksBuildPhase;
			buildActionMask = 2147483647;
			files = (
				5EF3BBA7DF9051F6C9BC310F /* Pods_FileBox.framework in Frameworks */,
			);
			runOnlyForDeploymentPostprocessing = 0;
		};
		743FCF1724BE168C00705E13 /* Frameworks */ = {
			isa = PBXFrameworksBuildPhase;
			buildActionMask = 2147483647;
			files = (
				08888320B59E144CE8AB2596 /* Pods_FileBoxTests.framework in Frameworks */,
			);
			runOnlyForDeploymentPostprocessing = 0;
		};
		743FCF2224BE168C00705E13 /* Frameworks */ = {
			isa = PBXFrameworksBuildPhase;
			buildActionMask = 2147483647;
			files = (
				12F732268CD49FF0DE7651F3 /* Pods_FileBox_FileBoxUITests.framework in Frameworks */,
			);
			runOnlyForDeploymentPostprocessing = 0;
		};
/* End PBXFrameworksBuildPhase section */

/* Begin PBXGroup section */
		5F7E50B996D162692713D38B /* Frameworks */ = {
			isa = PBXGroup;
			children = (
				963F969359792BE27AC6A9B7 /* Pods_FileBox.framework */,
				3C45F1EF3ED8A15FE9F33F70 /* Pods_FileBox_FileBoxUITests.framework */,
				D56110C2D06369C7ECE18983 /* Pods_FileBoxTests.framework */,
			);
			name = Frameworks;
			sourceTree = "<group>";
		};
		743FCEFB24BE168B00705E13 = {
			isa = PBXGroup;
			children = (
				743FCF0624BE168B00705E13 /* FileBox */,
				743FCF1D24BE168C00705E13 /* FileBoxTests */,
				743FCF2824BE168C00705E13 /* FileBoxUITests */,
				743FCF0524BE168B00705E13 /* Products */,
				74AB086F24CF682300457CA9 /* Fonts */,
				88E4808D754226446AA65B76 /* Pods */,
				5F7E50B996D162692713D38B /* Frameworks */,
			);
			sourceTree = "<group>";
		};
		743FCF0524BE168B00705E13 /* Products */ = {
			isa = PBXGroup;
			children = (
				743FCF0424BE168B00705E13 /* FileBox.app */,
				743FCF1A24BE168C00705E13 /* FileBoxTests.xctest */,
				743FCF2524BE168C00705E13 /* FileBoxUITests.xctest */,
			);
			name = Products;
			sourceTree = "<group>";
		};
		743FCF0624BE168B00705E13 /* FileBox */ = {
			isa = PBXGroup;
			children = (
				743FCF0724BE168B00705E13 /* AppDelegate.swift */,
				746597BF24D0A06400FAE7FA /* Configuration.swift */,
				7496E4FD24D02B5300DFFE28 /* Controllers */,
				7496E4FE24D02B5C00DFFE28 /* ViewModels */,
				7496E4FC24D02B4700DFFE28 /* Models */,
				7496E4FF24D02B7000DFFE28 /* Services */,
				74A6A63424D038760019947B /* Payloads */,
				743FCF0924BE168B00705E13 /* art.scnassets */,
				743FCF0D24BE168B00705E13 /* Main.storyboard */,
				743FCF1024BE168C00705E13 /* Assets.xcassets */,
				743FCF1224BE168C00705E13 /* LaunchScreen.storyboard */,
				74AC2A4924D0BC4100D1B203 /* Config.plist */,
				743FCF1524BE168C00705E13 /* Info.plist */,
			);
			path = FileBox;
			sourceTree = "<group>";
		};
		743FCF1D24BE168C00705E13 /* FileBoxTests */ = {
			isa = PBXGroup;
			children = (
				743FCF1E24BE168C00705E13 /* FileBoxTests.swift */,
				743FCF2024BE168C00705E13 /* Info.plist */,
			);
			path = FileBoxTests;
			sourceTree = "<group>";
		};
		743FCF2824BE168C00705E13 /* FileBoxUITests */ = {
			isa = PBXGroup;
			children = (
				743FCF2924BE168C00705E13 /* FileBoxUITests.swift */,
				743FCF2B24BE168C00705E13 /* Info.plist */,
			);
			path = FileBoxUITests;
			sourceTree = "<group>";
		};
		7496E4FC24D02B4700DFFE28 /* Models */ = {
			isa = PBXGroup;
			children = (
				7496E50024D02BAE00DFFE28 /* Box.swift */,
			);
			path = Models;
			sourceTree = "<group>";
		};
		7496E4FD24D02B5300DFFE28 /* Controllers */ = {
			isa = PBXGroup;
			children = (
				743FCF0B24BE168B00705E13 /* ARViewController.swift */,
				7496E4FA24D028FE00DFFE28 /* BoxDeailsViewController.swift */,
				746C8F2124D204C900482DBF /* BoxDetailsPrefCellView.swift */,
				746B666524D2D04F0097DE3B /* BoxesListTableViewCell.swift */,
				746B666724D2D0930097DE3B /* BoxesListViewController.swift */,
			);
			path = Controllers;
			sourceTree = "<group>";
		};
		7496E4FE24D02B5C00DFFE28 /* ViewModels */ = {
			isa = PBXGroup;
			children = (
				746597C124D0B09C00FAE7FA /* BoxViewModel.swift */,
				746C8F1F24D1B01800482DBF /* BoxDetailsViewModel.swift */,
			);
			path = ViewModels;
			sourceTree = "<group>";
		};
		7496E4FF24D02B7000DFFE28 /* Services */ = {
			isa = PBXGroup;
			children = (
				7496E50224D02C4F00DFFE28 /* BoxService.swift */,
			);
			path = Services;
			sourceTree = "<group>";
		};
		74A6A63424D038760019947B /* Payloads */ = {
			isa = PBXGroup;
			children = (
				746C8F1D24D1915700482DBF /* BoxCreateRequest.swift */,
			);
			path = Payloads;
			sourceTree = "<group>";
		};
		74AB086F24CF682300457CA9 /* Fonts */ = {
			isa = PBXGroup;
			children = (
				74AC2A4F24D174BD00D1B203 /* BradBunR.ttf */,
			);
			path = Fonts;
			sourceTree = "<group>";
		};
		88E4808D754226446AA65B76 /* Pods */ = {
			isa = PBXGroup;
			children = (
				07F00B489F468931543EBA4B /* Pods-FileBox.debug.xcconfig */,
				AA7BD70D164952B59570E761 /* Pods-FileBox.release.xcconfig */,
				D974694EA5BC41C688AE5E7A /* Pods-FileBox-FileBoxUITests.debug.xcconfig */,
				70BB42C75605AD121EDED82D /* Pods-FileBox-FileBoxUITests.release.xcconfig */,
				53F4A374D1CE598A4460E745 /* Pods-FileBoxTests.debug.xcconfig */,
				5DA46DD880895F587427BDF8 /* Pods-FileBoxTests.release.xcconfig */,
			);
			path = Pods;
			sourceTree = "<group>";
		};
/* End PBXGroup section */

/* Begin PBXNativeTarget section */
		743FCF0324BE168B00705E13 /* FileBox */ = {
			isa = PBXNativeTarget;
			buildConfigurationList = 743FCF2E24BE168C00705E13 /* Build configuration list for PBXNativeTarget "FileBox" */;
			buildPhases = (
				F6AAEC46CBC14A7D33A2AD83 /* [CP] Check Pods Manifest.lock */,
				743FCF0024BE168B00705E13 /* Sources */,
				743FCF0124BE168B00705E13 /* Frameworks */,
				743FCF0224BE168B00705E13 /* Resources */,
				04D4E50831937A3D52B2081F /* [CP] Embed Pods Frameworks */,
			);
			buildRules = (
			);
			dependencies = (
			);
			name = FileBox;
			productName = FileBox;
			productReference = 743FCF0424BE168B00705E13 /* FileBox.app */;
			productType = "com.apple.product-type.application";
		};
		743FCF1924BE168C00705E13 /* FileBoxTests */ = {
			isa = PBXNativeTarget;
			buildConfigurationList = 743FCF3124BE168C00705E13 /* Build configuration list for PBXNativeTarget "FileBoxTests" */;
			buildPhases = (
				21A25506B67EE763E8BB408A /* [CP] Check Pods Manifest.lock */,
				743FCF1624BE168C00705E13 /* Sources */,
				743FCF1724BE168C00705E13 /* Frameworks */,
				743FCF1824BE168C00705E13 /* Resources */,
			);
			buildRules = (
			);
			dependencies = (
				743FCF1C24BE168C00705E13 /* PBXTargetDependency */,
			);
			name = FileBoxTests;
			productName = FileBoxTests;
			productReference = 743FCF1A24BE168C00705E13 /* FileBoxTests.xctest */;
			productType = "com.apple.product-type.bundle.unit-test";
		};
		743FCF2424BE168C00705E13 /* FileBoxUITests */ = {
			isa = PBXNativeTarget;
			buildConfigurationList = 743FCF3424BE168C00705E13 /* Build configuration list for PBXNativeTarget "FileBoxUITests" */;
			buildPhases = (
				E87C7CAF59ABAAB6BCEA4502 /* [CP] Check Pods Manifest.lock */,
				743FCF2124BE168C00705E13 /* Sources */,
				743FCF2224BE168C00705E13 /* Frameworks */,
				743FCF2324BE168C00705E13 /* Resources */,
				68F02D43EB686FFDCB001DF4 /* [CP] Embed Pods Frameworks */,
			);
			buildRules = (
			);
			dependencies = (
				743FCF2724BE168C00705E13 /* PBXTargetDependency */,
			);
			name = FileBoxUITests;
			productName = FileBoxUITests;
			productReference = 743FCF2524BE168C00705E13 /* FileBoxUITests.xctest */;
			productType = "com.apple.product-type.bundle.ui-testing";
		};
/* End PBXNativeTarget section */

/* Begin PBXProject section */
		743FCEFC24BE168B00705E13 /* Project object */ = {
			isa = PBXProject;
			attributes = {
				LastSwiftUpdateCheck = 1140;
				LastUpgradeCheck = 1140;
				ORGANIZATIONNAME = "Mikhail Lazarev";
				TargetAttributes = {
					743FCF0324BE168B00705E13 = {
						CreatedOnToolsVersion = 11.4.1;
					};
					743FCF1924BE168C00705E13 = {
						CreatedOnToolsVersion = 11.4.1;
						TestTargetID = 743FCF0324BE168B00705E13;
					};
					743FCF2424BE168C00705E13 = {
						CreatedOnToolsVersion = 11.4.1;
						TestTargetID = 743FCF0324BE168B00705E13;
					};
				};
			};
			buildConfigurationList = 743FCEFF24BE168B00705E13 /* Build configuration list for PBXProject "FileBox" */;
			compatibilityVersion = "Xcode 9.3";
			developmentRegion = en;
			hasScannedForEncodings = 0;
			knownRegions = (
				en,
				Base,
			);
			mainGroup = 743FCEFB24BE168B00705E13;
			productRefGroup = 743FCF0524BE168B00705E13 /* Products */;
			projectDirPath = "";
			projectRoot = "";
			targets = (
				743FCF0324BE168B00705E13 /* FileBox */,
				743FCF1924BE168C00705E13 /* FileBoxTests */,
				743FCF2424BE168C00705E13 /* FileBoxUITests */,
			);
		};
/* End PBXProject section */

/* Begin PBXResourcesBuildPhase section */
		743FCF0224BE168B00705E13 /* Resources */ = {
			isa = PBXResourcesBuildPhase;
			buildActionMask = 2147483647;
			files = (
				743FCF0A24BE168B00705E13 /* art.scnassets in Resources */,
				743FCF1424BE168C00705E13 /* LaunchScreen.storyboard in Resources */,
				74AC2A5024D174BD00D1B203 /* BradBunR.ttf in Resources */,
				743FCF1124BE168C00705E13 /* Assets.xcassets in Resources */,
				74AC2A4A24D0BC4100D1B203 /* Config.plist in Resources */,
				743FCF0F24BE168B00705E13 /* Main.storyboard in Resources */,
			);
			runOnlyForDeploymentPostprocessing = 0;
		};
		743FCF1824BE168C00705E13 /* Resources */ = {
			isa = PBXResourcesBuildPhase;
			buildActionMask = 2147483647;
			files = (
			);
			runOnlyForDeploymentPostprocessing = 0;
		};
		743FCF2324BE168C00705E13 /* Resources */ = {
			isa = PBXResourcesBuildPhase;
			buildActionMask = 2147483647;
			files = (
			);
			runOnlyForDeploymentPostprocessing = 0;
		};
/* End PBXResourcesBuildPhase section */

/* Begin PBXShellScriptBuildPhase section */
		04D4E50831937A3D52B2081F /* [CP] Embed Pods Frameworks */ = {
			isa = PBXShellScriptBuildPhase;
			buildActionMask = 2147483647;
			files = (
			);
			inputFileListPaths = (
				"${PODS_ROOT}/Target Support Files/Pods-FileBox/Pods-FileBox-frameworks-${CONFIGURATION}-input-files.xcfilelist",
			);
			name = "[CP] Embed Pods Frameworks";
			outputFileListPaths = (
				"${PODS_ROOT}/Target Support Files/Pods-FileBox/Pods-FileBox-frameworks-${CONFIGURATION}-output-files.xcfilelist",
			);
			runOnlyForDeploymentPostprocessing = 0;
			shellPath = /bin/sh;
			shellScript = "\"${PODS_ROOT}/Target Support Files/Pods-FileBox/Pods-FileBox-frameworks.sh\"\n";
			showEnvVarsInLog = 0;
		};
		21A25506B67EE763E8BB408A /* [CP] Check Pods Manifest.lock */ = {
			isa = PBXShellScriptBuildPhase;
			buildActionMask = 2147483647;
			files = (
			);
			inputFileListPaths = (
			);
			inputPaths = (
				"${PODS_PODFILE_DIR_PATH}/Podfile.lock",
				"${PODS_ROOT}/Manifest.lock",
			);
			name = "[CP] Check Pods Manifest.lock";
			outputFileListPaths = (
			);
			outputPaths = (
				"$(DERIVED_FILE_DIR)/Pods-FileBoxTests-checkManifestLockResult.txt",
			);
			runOnlyForDeploymentPostprocessing = 0;
			shellPath = /bin/sh;
			shellScript = "diff \"${PODS_PODFILE_DIR_PATH}/Podfile.lock\" \"${PODS_ROOT}/Manifest.lock\" > /dev/null\nif [ $? != 0 ] ; then\n    # print error to STDERR\n    echo \"error: The sandbox is not in sync with the Podfile.lock. Run 'pod install' or update your CocoaPods installation.\" >&2\n    exit 1\nfi\n# This output is used by Xcode 'outputs' to avoid re-running this script phase.\necho \"SUCCESS\" > \"${SCRIPT_OUTPUT_FILE_0}\"\n";
			showEnvVarsInLog = 0;
		};
		68F02D43EB686FFDCB001DF4 /* [CP] Embed Pods Frameworks */ = {
			isa = PBXShellScriptBuildPhase;
			buildActionMask = 2147483647;
			files = (
			);
			inputFileListPaths = (
				"${PODS_ROOT}/Target Support Files/Pods-FileBox-FileBoxUITests/Pods-FileBox-FileBoxUITests-frameworks-${CONFIGURATION}-input-files.xcfilelist",
			);
			name = "[CP] Embed Pods Frameworks";
			outputFileListPaths = (
				"${PODS_ROOT}/Target Support Files/Pods-FileBox-FileBoxUITests/Pods-FileBox-FileBoxUITests-frameworks-${CONFIGURATION}-output-files.xcfilelist",
			);
			runOnlyForDeploymentPostprocessing = 0;
			shellPath = /bin/sh;
			shellScript = "\"${PODS_ROOT}/Target Support Files/Pods-FileBox-FileBoxUITests/Pods-FileBox-FileBoxUITests-frameworks.sh\"\n";
			showEnvVarsInLog = 0;
		};
		E87C7CAF59ABAAB6BCEA4502 /* [CP] Check Pods Manifest.lock */ = {
			isa = PBXShellScriptBuildPhase;
			buildActionMask = 2147483647;
			files = (
			);
			inputFileListPaths = (
			);
			inputPaths = (
				"${PODS_PODFILE_DIR_PATH}/Podfile.lock",
				"${PODS_ROOT}/Manifest.lock",
			);
			name = "[CP] Check Pods Manifest.lock";
			outputFileListPaths = (
			);
			outputPaths = (
				"$(DERIVED_FILE_DIR)/Pods-FileBox-FileBoxUITests-checkManifestLockResult.txt",
			);
			runOnlyForDeploymentPostprocessing = 0;
			shellPath = /bin/sh;
			shellScript = "diff \"${PODS_PODFILE_DIR_PATH}/Podfile.lock\" \"${PODS_ROOT}/Manifest.lock\" > /dev/null\nif [ $? != 0 ] ; then\n    # print error to STDERR\n    echo \"error: The sandbox is not in sync with the Podfile.lock. Run 'pod install' or update your CocoaPods installation.\" >&2\n    exit 1\nfi\n# This output is used by Xcode 'outputs' to avoid re-running this script phase.\necho \"SUCCESS\" > \"${SCRIPT_OUTPUT_FILE_0}\"\n";
			showEnvVarsInLog = 0;
		};
		F6AAEC46CBC14A7D33A2AD83 /* [CP] Check Pods Manifest.lock */ = {
			isa = PBXShellScriptBuildPhase;
			buildActionMask = 2147483647;
			files = (
			);
			inputFileListPaths = (
			);
			inputPaths = (
				"${PODS_PODFILE_DIR_PATH}/Podfile.lock",
				"${PODS_ROOT}/Manifest.lock",
			);
			name = "[CP] Check Pods Manifest.lock";
			outputFileListPaths = (
			);
			outputPaths = (
				"$(DERIVED_FILE_DIR)/Pods-FileBox-checkManifestLockResult.txt",
			);
			runOnlyForDeploymentPostprocessing = 0;
			shellPath = /bin/sh;
			shellScript = "diff \"${PODS_PODFILE_DIR_PATH}/Podfile.lock\" \"${PODS_ROOT}/Manifest.lock\" > /dev/null\nif [ $? != 0 ] ; then\n    # print error to STDERR\n    echo \"error: The sandbox is not in sync with the Podfile.lock. Run 'pod install' or update your CocoaPods installation.\" >&2\n    exit 1\nfi\n# This output is used by Xcode 'outputs' to avoid re-running this script phase.\necho \"SUCCESS\" > \"${SCRIPT_OUTPUT_FILE_0}\"\n";
			showEnvVarsInLog = 0;
		};
/* End PBXShellScriptBuildPhase section */

/* Begin PBXSourcesBuildPhase section */
		743FCF0024BE168B00705E13 /* Sources */ = {
			isa = PBXSourcesBuildPhase;
			buildActionMask = 2147483647;
			files = (
				746B666824D2D0930097DE3B /* BoxesListViewController.swift in Sources */,
				746C8F2024D1B01800482DBF /* BoxDetailsViewModel.swift in Sources */,
				746597C224D0B09C00FAE7FA /* BoxViewModel.swift in Sources */,
				7496E50324D02C4F00DFFE28 /* BoxService.swift in Sources */,
				746C8F2224D204C900482DBF /* BoxDetailsPrefCellView.swift in Sources */,
				746C8F1E24D1915700482DBF /* BoxCreateRequest.swift in Sources */,
				746B666624D2D04F0097DE3B /* BoxesListTableViewCell.swift in Sources */,
				743FCF0C24BE168B00705E13 /* ARViewController.swift in Sources */,
				7496E50124D02BAE00DFFE28 /* Box.swift in Sources */,
				743FCF0824BE168B00705E13 /* AppDelegate.swift in Sources */,
				746597C024D0A06400FAE7FA /* Configuration.swift in Sources */,
				7496E4FB24D028FE00DFFE28 /* BoxDeailsViewController.swift in Sources */,
			);
			runOnlyForDeploymentPostprocessing = 0;
		};
		743FCF1624BE168C00705E13 /* Sources */ = {
			isa = PBXSourcesBuildPhase;
			buildActionMask = 2147483647;
			files = (
				743FCF1F24BE168C00705E13 /* FileBoxTests.swift in Sources */,
			);
			runOnlyForDeploymentPostprocessing = 0;
		};
		743FCF2124BE168C00705E13 /* Sources */ = {
			isa = PBXSourcesBuildPhase;
			buildActionMask = 2147483647;
			files = (
				743FCF2A24BE168C00705E13 /* FileBoxUITests.swift in Sources */,
			);
			runOnlyForDeploymentPostprocessing = 0;
		};
/* End PBXSourcesBuildPhase section */

/* Begin PBXTargetDependency section */
		743FCF1C24BE168C00705E13 /* PBXTargetDependency */ = {
			isa = PBXTargetDependency;
			target = 743FCF0324BE168B00705E13 /* FileBox */;
			targetProxy = 743FCF1B24BE168C00705E13 /* PBXContainerItemProxy */;
		};
		743FCF2724BE168C00705E13 /* PBXTargetDependency */ = {
			isa = PBXTargetDependency;
			target = 743FCF0324BE168B00705E13 /* FileBox */;
			targetProxy = 743FCF2624BE168C00705E13 /* PBXContainerItemProxy */;
		};
/* End PBXTargetDependency section */

/* Begin PBXVariantGroup section */
		743FCF0D24BE168B00705E13 /* Main.storyboard */ = {
			isa = PBXVariantGroup;
			children = (
				743FCF0E24BE168B00705E13 /* Base */,
			);
			name = Main.storyboard;
			sourceTree = "<group>";
		};
		743FCF1224BE168C00705E13 /* LaunchScreen.storyboard */ = {
			isa = PBXVariantGroup;
			children = (
				743FCF1324BE168C00705E13 /* Base */,
			);
			name = LaunchScreen.storyboard;
			sourceTree = "<group>";
		};
/* End PBXVariantGroup section */

/* Begin XCBuildConfiguration section */
		743FCF2C24BE168C00705E13 /* Debug */ = {
			isa = XCBuildConfiguration;
			buildSettings = {
				ALWAYS_SEARCH_USER_PATHS = NO;
				CLANG_ANALYZER_NONNULL = YES;
				CLANG_ANALYZER_NUMBER_OBJECT_CONVERSION = YES_AGGRESSIVE;
				CLANG_CXX_LANGUAGE_STANDARD = "gnu++14";
				CLANG_CXX_LIBRARY = "libc++";
				CLANG_ENABLE_MODULES = YES;
				CLANG_ENABLE_OBJC_ARC = YES;
				CLANG_ENABLE_OBJC_WEAK = YES;
				CLANG_WARN_BLOCK_CAPTURE_AUTORELEASING = YES;
				CLANG_WARN_BOOL_CONVERSION = YES;
				CLANG_WARN_COMMA = YES;
				CLANG_WARN_CONSTANT_CONVERSION = YES;
				CLANG_WARN_DEPRECATED_OBJC_IMPLEMENTATIONS = YES;
				CLANG_WARN_DIRECT_OBJC_ISA_USAGE = YES_ERROR;
				CLANG_WARN_DOCUMENTATION_COMMENTS = YES;
				CLANG_WARN_EMPTY_BODY = YES;
				CLANG_WARN_ENUM_CONVERSION = YES;
				CLANG_WARN_INFINITE_RECURSION = YES;
				CLANG_WARN_INT_CONVERSION = YES;
				CLANG_WARN_NON_LITERAL_NULL_CONVERSION = YES;
				CLANG_WARN_OBJC_IMPLICIT_RETAIN_SELF = YES;
				CLANG_WARN_OBJC_LITERAL_CONVERSION = YES;
				CLANG_WARN_OBJC_ROOT_CLASS = YES_ERROR;
				CLANG_WARN_RANGE_LOOP_ANALYSIS = YES;
				CLANG_WARN_STRICT_PROTOTYPES = YES;
				CLANG_WARN_SUSPICIOUS_MOVE = YES;
				CLANG_WARN_UNGUARDED_AVAILABILITY = YES_AGGRESSIVE;
				CLANG_WARN_UNREACHABLE_CODE = YES;
				CLANG_WARN__DUPLICATE_METHOD_MATCH = YES;
				COPY_PHASE_STRIP = NO;
				DEBUG_INFORMATION_FORMAT = dwarf;
				ENABLE_STRICT_OBJC_MSGSEND = YES;
				ENABLE_TESTABILITY = YES;
				GCC_C_LANGUAGE_STANDARD = gnu11;
				GCC_DYNAMIC_NO_PIC = NO;
				GCC_NO_COMMON_BLOCKS = YES;
				GCC_OPTIMIZATION_LEVEL = 0;
				GCC_PREPROCESSOR_DEFINITIONS = (
					"DEBUG=1",
					"$(inherited)",
				);
				GCC_WARN_64_TO_32_BIT_CONVERSION = YES;
				GCC_WARN_ABOUT_RETURN_TYPE = YES_ERROR;
				GCC_WARN_UNDECLARED_SELECTOR = YES;
				GCC_WARN_UNINITIALIZED_AUTOS = YES_AGGRESSIVE;
				GCC_WARN_UNUSED_FUNCTION = YES;
				GCC_WARN_UNUSED_VARIABLE = YES;
				IPHONEOS_DEPLOYMENT_TARGET = 13.4;
				MTL_ENABLE_DEBUG_INFO = INCLUDE_SOURCE;
				MTL_FAST_MATH = YES;
				ONLY_ACTIVE_ARCH = YES;
				SDKROOT = iphoneos;
				SWIFT_ACTIVE_COMPILATION_CONDITIONS = DEBUG;
				SWIFT_OPTIMIZATION_LEVEL = "-Onone";
			};
			name = Debug;
		};
		743FCF2D24BE168C00705E13 /* Release */ = {
			isa = XCBuildConfiguration;
			buildSettings = {
				ALWAYS_SEARCH_USER_PATHS = NO;
				CLANG_ANALYZER_NONNULL = YES;
				CLANG_ANALYZER_NUMBER_OBJECT_CONVERSION = YES_AGGRESSIVE;
				CLANG_CXX_LANGUAGE_STANDARD = "gnu++14";
				CLANG_CXX_LIBRARY = "libc++";
				CLANG_ENABLE_MODULES = YES;
				CLANG_ENABLE_OBJC_ARC = YES;
				CLANG_ENABLE_OBJC_WEAK = YES;
				CLANG_WARN_BLOCK_CAPTURE_AUTORELEASING = YES;
				CLANG_WARN_BOOL_CONVERSION = YES;
				CLANG_WARN_COMMA = YES;
				CLANG_WARN_CONSTANT_CONVERSION = YES;
				CLANG_WARN_DEPRECATED_OBJC_IMPLEMENTATIONS = YES;
				CLANG_WARN_DIRECT_OBJC_ISA_USAGE = YES_ERROR;
				CLANG_WARN_DOCUMENTATION_COMMENTS = YES;
				CLANG_WARN_EMPTY_BODY = YES;
				CLANG_WARN_ENUM_CONVERSION = YES;
				CLANG_WARN_INFINITE_RECURSION = YES;
				CLANG_WARN_INT_CONVERSION = YES;
				CLANG_WARN_NON_LITERAL_NULL_CONVERSION = YES;
				CLANG_WARN_OBJC_IMPLICIT_RETAIN_SELF = YES;
				CLANG_WARN_OBJC_LITERAL_CONVERSION = YES;
				CLANG_WARN_OBJC_ROOT_CLASS = YES_ERROR;
				CLANG_WARN_RANGE_LOOP_ANALYSIS = YES;
				CLANG_WARN_STRICT_PROTOTYPES = YES;
				CLANG_WARN_SUSPICIOUS_MOVE = YES;
				CLANG_WARN_UNGUARDED_AVAILABILITY = YES_AGGRESSIVE;
				CLANG_WARN_UNREACHABLE_CODE = YES;
				CLANG_WARN__DUPLICATE_METHOD_MATCH = YES;
				COPY_PHASE_STRIP = NO;
				DEBUG_INFORMATION_FORMAT = "dwarf-with-dsym";
				ENABLE_NS_ASSERTIONS = NO;
				ENABLE_STRICT_OBJC_MSGSEND = YES;
				GCC_C_LANGUAGE_STANDARD = gnu11;
				GCC_NO_COMMON_BLOCKS = YES;
				GCC_WARN_64_TO_32_BIT_CONVERSION = YES;
				GCC_WARN_ABOUT_RETURN_TYPE = YES_ERROR;
				GCC_WARN_UNDECLARED_SELECTOR = YES;
				GCC_WARN_UNINITIALIZED_AUTOS = YES_AGGRESSIVE;
				GCC_WARN_UNUSED_FUNCTION = YES;
				GCC_WARN_UNUSED_VARIABLE = YES;
				IPHONEOS_DEPLOYMENT_TARGET = 13.4;
				MTL_ENABLE_DEBUG_INFO = NO;
				MTL_FAST_MATH = YES;
				SDKROOT = iphoneos;
				SWIFT_COMPILATION_MODE = wholemodule;
				SWIFT_OPTIMIZATION_LEVEL = "-O";
				VALIDATE_PRODUCT = YES;
			};
			name = Release;
		};
		743FCF2F24BE168C00705E13 /* Debug */ = {
			isa = XCBuildConfiguration;
			baseConfigurationReference = 07F00B489F468931543EBA4B /* Pods-FileBox.debug.xcconfig */;
			buildSettings = {
				ASSETCATALOG_COMPILER_APPICON_NAME = AppIcon;
				CODE_SIGN_STYLE = Automatic;
				DEVELOPMENT_TEAM = QJLCQDHMR4;
				INFOPLIST_FILE = FileBox/Info.plist;
				IPHONEOS_DEPLOYMENT_TARGET = 13.2;
				LD_RUNPATH_SEARCH_PATHS = (
					"$(inherited)",
					"@executable_path/Frameworks",
				);
				PRODUCT_BUNDLE_IDENTIFIER = com.dtexperts.FileBox;
				PRODUCT_NAME = "$(TARGET_NAME)";
				SWIFT_VERSION = 5.0;
				TARGETED_DEVICE_FAMILY = "1,2";
			};
			name = Debug;
		};
		743FCF3024BE168C00705E13 /* Release */ = {
			isa = XCBuildConfiguration;
			baseConfigurationReference = AA7BD70D164952B59570E761 /* Pods-FileBox.release.xcconfig */;
			buildSettings = {
				ASSETCATALOG_COMPILER_APPICON_NAME = AppIcon;
				CODE_SIGN_STYLE = Automatic;
				DEVELOPMENT_TEAM = QJLCQDHMR4;
				INFOPLIST_FILE = FileBox/Info.plist;
				IPHONEOS_DEPLOYMENT_TARGET = 13.2;
				LD_RUNPATH_SEARCH_PATHS = (
					"$(inherited)",
					"@executable_path/Frameworks",
				);
				PRODUCT_BUNDLE_IDENTIFIER = com.dtexperts.FileBox;
				PRODUCT_NAME = "$(TARGET_NAME)";
				SWIFT_VERSION = 5.0;
				TARGETED_DEVICE_FAMILY = "1,2";
			};
			name = Release;
		};
		743FCF3224BE168C00705E13 /* Debug */ = {
			isa = XCBuildConfiguration;
			baseConfigurationReference = 53F4A374D1CE598A4460E745 /* Pods-FileBoxTests.debug.xcconfig */;
			buildSettings = {
				ALWAYS_EMBED_SWIFT_STANDARD_LIBRARIES = YES;
				BUNDLE_LOADER = "$(TEST_HOST)";
				CODE_SIGN_STYLE = Automatic;
				DEVELOPMENT_TEAM = QJLCQDHMR4;
				INFOPLIST_FILE = FileBoxTests/Info.plist;
				IPHONEOS_DEPLOYMENT_TARGET = 13.4;
				LD_RUNPATH_SEARCH_PATHS = (
					"$(inherited)",
					"@executable_path/Frameworks",
					"@loader_path/Frameworks",
				);
				PRODUCT_BUNDLE_IDENTIFIER = com.dtexperts.FileBoxTests;
				PRODUCT_NAME = "$(TARGET_NAME)";
				SWIFT_VERSION = 5.0;
				TARGETED_DEVICE_FAMILY = "1,2";
				TEST_HOST = "$(BUILT_PRODUCTS_DIR)/FileBox.app/FileBox";
			};
			name = Debug;
		};
		743FCF3324BE168C00705E13 /* Release */ = {
			isa = XCBuildConfiguration;
			baseConfigurationReference = 5DA46DD880895F587427BDF8 /* Pods-FileBoxTests.release.xcconfig */;
			buildSettings = {
				ALWAYS_EMBED_SWIFT_STANDARD_LIBRARIES = YES;
				BUNDLE_LOADER = "$(TEST_HOST)";
				CODE_SIGN_STYLE = Automatic;
				DEVELOPMENT_TEAM = QJLCQDHMR4;
				INFOPLIST_FILE = FileBoxTests/Info.plist;
				IPHONEOS_DEPLOYMENT_TARGET = 13.4;
				LD_RUNPATH_SEARCH_PATHS = (
					"$(inherited)",
					"@executable_path/Frameworks",
					"@loader_path/Frameworks",
				);
				PRODUCT_BUNDLE_IDENTIFIER = com.dtexperts.FileBoxTests;
				PRODUCT_NAME = "$(TARGET_NAME)";
				SWIFT_VERSION = 5.0;
				TARGETED_DEVICE_FAMILY = "1,2";
				TEST_HOST = "$(BUILT_PRODUCTS_DIR)/FileBox.app/FileBox";
			};
			name = Release;
		};
		743FCF3524BE168C00705E13 /* Debug */ = {
			isa = XCBuildConfiguration;
			baseConfigurationReference = D974694EA5BC41C688AE5E7A /* Pods-FileBox-FileBoxUITests.debug.xcconfig */;
			buildSettings = {
				ALWAYS_EMBED_SWIFT_STANDARD_LIBRARIES = YES;
				CODE_SIGN_STYLE = Automatic;
				DEVELOPMENT_TEAM = QJLCQDHMR4;
				INFOPLIST_FILE = FileBoxUITests/Info.plist;
				LD_RUNPATH_SEARCH_PATHS = (
					"$(inherited)",
					"@executable_path/Frameworks",
					"@loader_path/Frameworks",
				);
				PRODUCT_BUNDLE_IDENTIFIER = com.dtexperts.FileBoxUITests;
				PRODUCT_NAME = "$(TARGET_NAME)";
				SWIFT_VERSION = 5.0;
				TARGETED_DEVICE_FAMILY = "1,2";
				TEST_TARGET_NAME = FileBox;
			};
			name = Debug;
		};
		743FCF3624BE168C00705E13 /* Release */ = {
			isa = XCBuildConfiguration;
			baseConfigurationReference = 70BB42C75605AD121EDED82D /* Pods-FileBox-FileBoxUITests.release.xcconfig */;
			buildSettings = {
				ALWAYS_EMBED_SWIFT_STANDARD_LIBRARIES = YES;
				CODE_SIGN_STYLE = Automatic;
				DEVELOPMENT_TEAM = QJLCQDHMR4;
				INFOPLIST_FILE = FileBoxUITests/Info.plist;
				LD_RUNPATH_SEARCH_PATHS = (
					"$(inherited)",
					"@executable_path/Frameworks",
					"@loader_path/Frameworks",
				);
				PRODUCT_BUNDLE_IDENTIFIER = com.dtexperts.FileBoxUITests;
				PRODUCT_NAME = "$(TARGET_NAME)";
				SWIFT_VERSION = 5.0;
				TARGETED_DEVICE_FAMILY = "1,2";
				TEST_TARGET_NAME = FileBox;
			};
			name = Release;
		};
/* End XCBuildConfiguration section */

/* Begin XCConfigurationList section */
		743FCEFF24BE168B00705E13 /* Build configuration list for PBXProject "FileBox" */ = {
			isa = XCConfigurationList;
			buildConfigurations = (
				743FCF2C24BE168C00705E13 /* Debug */,
				743FCF2D24BE168C00705E13 /* Release */,
			);
			defaultConfigurationIsVisible = 0;
			defaultConfigurationName = Release;
		};
		743FCF2E24BE168C00705E13 /* Build configuration list for PBXNativeTarget "FileBox" */ = {
			isa = XCConfigurationList;
			buildConfigurations = (
				743FCF2F24BE168C00705E13 /* Debug */,
				743FCF3024BE168C00705E13 /* Release */,
			);
			defaultConfigurationIsVisible = 0;
			defaultConfigurationName = Release;
		};
		743FCF3124BE168C00705E13 /* Build configuration list for PBXNativeTarget "FileBoxTests" */ = {
			isa = XCConfigurationList;
			buildConfigurations = (
				743FCF3224BE168C00705E13 /* Debug */,
				743FCF3324BE168C00705E13 /* Release */,
			);
			defaultConfigurationIsVisible = 0;
			defaultConfigurationName = Release;
		};
		743FCF3424BE168C00705E13 /* Build configuration list for PBXNativeTarget "FileBoxUITests" */ = {
			isa = XCConfigurationList;
			buildConfigurations = (
				743FCF3524BE168C00705E13 /* Debug */,
				743FCF3624BE168C00705E13 /* Release */,
			);
			defaultConfigurationIsVisible = 0;
			defaultConfigurationName = Release;
		};
/* End XCConfigurationList section */
	};
	rootObject = 743FCEFC24BE168B00705E13 /* Project object */;
}
